// !$*UTF8*$!
{
	archiveVersion = 1;
	classes = {
	};
	objectVersion = 56;
	objects = {

/* Begin PBXBuildFile section */
		6C06AED42C25AD680090055A /* BookmarkedArticlesViewModel.swift in Sources */ = {isa = PBXBuildFile; fileRef = 6C06AED32C25AD680090055A /* BookmarkedArticlesViewModel.swift */; };
		6C667FE72C22F56600B7700A /* NewsApp.swift in Sources */ = {isa = PBXBuildFile; fileRef = 6C667FE62C22F56600B7700A /* NewsApp.swift */; };
		6C667FE92C22F56600B7700A /* ContentView.swift in Sources */ = {isa = PBXBuildFile; fileRef = 6C667FE82C22F56600B7700A /* ContentView.swift */; };
		6C667FEB2C22F57B00B7700A /* Assets.xcassets in Resources */ = {isa = PBXBuildFile; fileRef = 6C667FEA2C22F57B00B7700A /* Assets.xcassets */; };
		6C667FEE2C22F57B00B7700A /* Preview Assets.xcassets in Resources */ = {isa = PBXBuildFile; fileRef = 6C667FED2C22F57B00B7700A /* Preview Assets.xcassets */; };
		6C6680012C230A8900B7700A /* NewsAPI.swift in Sources */ = {isa = PBXBuildFile; fileRef = 6C6680002C230A8900B7700A /* NewsAPI.swift */; };
		6C6680032C230BD200B7700A /* Article.swift in Sources */ = {isa = PBXBuildFile; fileRef = 6C6680022C230BD200B7700A /* Article.swift */; };
		6C6680052C230BF500B7700A /* NewsAPIResponse.swift in Sources */ = {isa = PBXBuildFile; fileRef = 6C6680042C230BF500B7700A /* NewsAPIResponse.swift */; };
		6C6680072C230C1B00B7700A /* Category.swift in Sources */ = {isa = PBXBuildFile; fileRef = 6C6680062C230C1B00B7700A /* Category.swift */; };
		6C66800A2C23214F00B7700A /* MainArticlesViewModel.swift in Sources */ = {isa = PBXBuildFile; fileRef = 6C6680092C23214F00B7700A /* MainArticlesViewModel.swift */; };
		6C66800C2C2326BD00B7700A /* MainArticlesTabView.swift in Sources */ = {isa = PBXBuildFile; fileRef = 6C66800B2C2326BD00B7700A /* MainArticlesTabView.swift */; };
		6C66800F2C233C1700B7700A /* news.json in Resources */ = {isa = PBXBuildFile; fileRef = 6C66800E2C233C1700B7700A /* news.json */; };
		6C6680122C244B9B00B7700A /* ArticleRowView.swift in Sources */ = {isa = PBXBuildFile; fileRef = 6C6680112C244B9B00B7700A /* ArticleRowView.swift */; };
		6C6680142C24530C00B7700A /* ArticleListView.swift in Sources */ = {isa = PBXBuildFile; fileRef = 6C6680132C24530C00B7700A /* ArticleListView.swift */; };
		6C6680162C2457EA00B7700A /* SafariView.swift in Sources */ = {isa = PBXBuildFile; fileRef = 6C6680152C2457EA00B7700A /* SafariView.swift */; };
		6C6680192C2462CE00B7700A /* View+ShareSheet.swift in Sources */ = {isa = PBXBuildFile; fileRef = 6C6680182C2462CE00B7700A /* View+ShareSheet.swift */; };
		6C66801B2C24818800B7700A /* EmptyPlaceholderView.swift in Sources */ = {isa = PBXBuildFile; fileRef = 6C66801A2C24818700B7700A /* EmptyPlaceholderView.swift */; };
		6C66801D2C24825F00B7700A /* RetryView.swift in Sources */ = {isa = PBXBuildFile; fileRef = 6C66801C2C24825F00B7700A /* RetryView.swift */; };
/* End PBXBuildFile section */

/* Begin PBXFileReference section */
		6C06AED32C25AD680090055A /* BookmarkedArticlesViewModel.swift */ = {isa = PBXFileReference; lastKnownFileType = sourcecode.swift; path = BookmarkedArticlesViewModel.swift; sourceTree = "<group>"; };
		6C667FE32C22F56500B7700A /* News.app */ = {isa = PBXFileReference; explicitFileType = wrapper.application; includeInIndex = 0; path = News.app; sourceTree = BUILT_PRODUCTS_DIR; };
		6C667FE62C22F56600B7700A /* NewsApp.swift */ = {isa = PBXFileReference; lastKnownFileType = sourcecode.swift; path = NewsApp.swift; sourceTree = "<group>"; };
		6C667FE82C22F56600B7700A /* ContentView.swift */ = {isa = PBXFileReference; lastKnownFileType = sourcecode.swift; path = ContentView.swift; sourceTree = "<group>"; };
		6C667FEA2C22F57B00B7700A /* Assets.xcassets */ = {isa = PBXFileReference; lastKnownFileType = folder.assetcatalog; path = Assets.xcassets; sourceTree = "<group>"; };
		6C667FED2C22F57B00B7700A /* Preview Assets.xcassets */ = {isa = PBXFileReference; lastKnownFileType = folder.assetcatalog; path = "Preview Assets.xcassets"; sourceTree = "<group>"; };
		6C6680002C230A8900B7700A /* NewsAPI.swift */ = {isa = PBXFileReference; lastKnownFileType = sourcecode.swift; path = NewsAPI.swift; sourceTree = "<group>"; };
		6C6680022C230BD200B7700A /* Article.swift */ = {isa = PBXFileReference; lastKnownFileType = sourcecode.swift; path = Article.swift; sourceTree = "<group>"; };
		6C6680042C230BF500B7700A /* NewsAPIResponse.swift */ = {isa = PBXFileReference; lastKnownFileType = sourcecode.swift; path = NewsAPIResponse.swift; sourceTree = "<group>"; };
		6C6680062C230C1B00B7700A /* Category.swift */ = {isa = PBXFileReference; lastKnownFileType = sourcecode.swift; path = Category.swift; sourceTree = "<group>"; };
		6C6680092C23214F00B7700A /* MainArticlesViewModel.swift */ = {isa = PBXFileReference; lastKnownFileType = sourcecode.swift; path = MainArticlesViewModel.swift; sourceTree = "<group>"; };
		6C66800B2C2326BD00B7700A /* MainArticlesTabView.swift */ = {isa = PBXFileReference; lastKnownFileType = sourcecode.swift; path = MainArticlesTabView.swift; sourceTree = "<group>"; };
		6C66800D2C23384500B7700A /* Info.plist */ = {isa = PBXFileReference; lastKnownFileType = text.plist.xml; path = Info.plist; sourceTree = "<group>"; };
		6C66800E2C233C1700B7700A /* news.json */ = {isa = PBXFileReference; fileEncoding = 4; lastKnownFileType = text.json; path = news.json; sourceTree = "<group>"; };
		6C6680112C244B9B00B7700A /* ArticleRowView.swift */ = {isa = PBXFileReference; lastKnownFileType = sourcecode.swift; path = ArticleRowView.swift; sourceTree = "<group>"; };
		6C6680132C24530C00B7700A /* ArticleListView.swift */ = {isa = PBXFileReference; lastKnownFileType = sourcecode.swift; path = ArticleListView.swift; sourceTree = "<group>"; };
		6C6680152C2457EA00B7700A /* SafariView.swift */ = {isa = PBXFileReference; lastKnownFileType = sourcecode.swift; path = SafariView.swift; sourceTree = "<group>"; };
		6C6680182C2462CE00B7700A /* View+ShareSheet.swift */ = {isa = PBXFileReference; lastKnownFileType = sourcecode.swift; path = "View+ShareSheet.swift"; sourceTree = "<group>"; };
		6C66801A2C24818700B7700A /* EmptyPlaceholderView.swift */ = {isa = PBXFileReference; lastKnownFileType = sourcecode.swift; path = EmptyPlaceholderView.swift; sourceTree = "<group>"; };
		6C66801C2C24825F00B7700A /* RetryView.swift */ = {isa = PBXFileReference; lastKnownFileType = sourcecode.swift; path = RetryView.swift; sourceTree = "<group>"; };
/* End PBXFileReference section */

/* Begin PBXFrameworksBuildPhase section */
		6C667FE02C22F56500B7700A /* Frameworks */ = {
			isa = PBXFrameworksBuildPhase;
			buildActionMask = 2147483647;
			files = (
			);
			runOnlyForDeploymentPostprocessing = 0;
		};
/* End PBXFrameworksBuildPhase section */

/* Begin PBXGroup section */
		6C06AED22C25ACC30090055A /* BookmarkedArticlesScreen */ = {
			isa = PBXGroup;
			children = (
				6C06AED32C25AD680090055A /* BookmarkedArticlesViewModel.swift */,
			);
			path = BookmarkedArticlesScreen;
			sourceTree = "<group>";
		};
		6C667FDA2C22F56500B7700A = {
			isa = PBXGroup;
			children = (
				6C667FE52C22F56500B7700A /* News */,
				6C667FE42C22F56500B7700A /* Products */,
			);
			sourceTree = "<group>";
		};
		6C667FE42C22F56500B7700A /* Products */ = {
			isa = PBXGroup;
			children = (
				6C667FE32C22F56500B7700A /* News.app */,
			);
			name = Products;
			sourceTree = "<group>";
		};
		6C667FE52C22F56500B7700A /* News */ = {
			isa = PBXGroup;
			children = (
				6C667FF92C22FB4100B7700A /* Application */,
				6C667FF62C22FAEE00B7700A /* Services */,
				6C667FFD2C22FE6300B7700A /* Core */,
				6C667FFC2C22FC7500B7700A /* Models */,
				6C667FFB2C22FC4500B7700A /* Screens */,
				6C667FFA2C22FB6900B7700A /* Resources */,
				6C667FEC2C22F57B00B7700A /* Preview Content */,
			);
			path = News;
			sourceTree = "<group>";
		};
		6C667FEC2C22F57B00B7700A /* Preview Content */ = {
			isa = PBXGroup;
			children = (
				6C667FED2C22F57B00B7700A /* Preview Assets.xcassets */,
			);
			path = "Preview Content";
			sourceTree = "<group>";
		};
		6C667FF62C22FAEE00B7700A /* Services */ = {
			isa = PBXGroup;
			children = (
				6C667FF72C22FB1B00B7700A /* API */,
				6C667FF82C22FB2500B7700A /* DataStore */,
			);
			path = Services;
			sourceTree = "<group>";
		};
		6C667FF72C22FB1B00B7700A /* API */ = {
			isa = PBXGroup;
			children = (
				6C6680002C230A8900B7700A /* NewsAPI.swift */,
			);
			path = API;
			sourceTree = "<group>";
		};
		6C667FF82C22FB2500B7700A /* DataStore */ = {
			isa = PBXGroup;
			children = (
			);
			path = DataStore;
			sourceTree = "<group>";
		};
		6C667FF92C22FB4100B7700A /* Application */ = {
			isa = PBXGroup;
			children = (
				6C667FE62C22F56600B7700A /* NewsApp.swift */,
				6C667FE82C22F56600B7700A /* ContentView.swift */,
			);
			path = Application;
			sourceTree = "<group>";
		};
		6C667FFA2C22FB6900B7700A /* Resources */ = {
			isa = PBXGroup;
			children = (
				6C667FEA2C22F57B00B7700A /* Assets.xcassets */,
				6C66800D2C23384500B7700A /* Info.plist */,
				6C66800E2C233C1700B7700A /* news.json */,
			);
			path = Resources;
			sourceTree = "<group>";
		};
		6C667FFB2C22FC4500B7700A /* Screens */ = {
			isa = PBXGroup;
			children = (
				6C6680082C2320F100B7700A /* MainArticlesScreen */,
				6C06AED22C25ACC30090055A /* BookmarkedArticlesScreen */,
			);
			path = Screens;
			sourceTree = "<group>";
		};
		6C667FFC2C22FC7500B7700A /* Models */ = {
			isa = PBXGroup;
			children = (
				6C6680022C230BD200B7700A /* Article.swift */,
				6C6680042C230BF500B7700A /* NewsAPIResponse.swift */,
				6C6680062C230C1B00B7700A /* Category.swift */,
			);
			path = Models;
			sourceTree = "<group>";
		};
		6C667FFD2C22FE6300B7700A /* Core */ = {
			isa = PBXGroup;
			children = (
				6C6680172C2462A700B7700A /* Extensions */,
				6C6680102C244B6900B7700A /* Views */,
			);
			path = Core;
			sourceTree = "<group>";
		};
		6C6680082C2320F100B7700A /* MainArticlesScreen */ = {
			isa = PBXGroup;
			children = (
				6C6680092C23214F00B7700A /* MainArticlesViewModel.swift */,
				6C66800B2C2326BD00B7700A /* MainArticlesTabView.swift */,
			);
			path = MainArticlesScreen;
			sourceTree = "<group>";
		};
		6C6680102C244B6900B7700A /* Views */ = {
			isa = PBXGroup;
			children = (
				6C6680112C244B9B00B7700A /* ArticleRowView.swift */,
				6C6680132C24530C00B7700A /* ArticleListView.swift */,
				6C6680152C2457EA00B7700A /* SafariView.swift */,
				6C66801A2C24818700B7700A /* EmptyPlaceholderView.swift */,
				6C66801C2C24825F00B7700A /* RetryView.swift */,
			);
			path = Views;
			sourceTree = "<group>";
		};
		6C6680172C2462A700B7700A /* Extensions */ = {
			isa = PBXGroup;
			children = (
				6C6680182C2462CE00B7700A /* View+ShareSheet.swift */,
			);
			path = Extensions;
			sourceTree = "<group>";
		};
/* End PBXGroup section */

/* Begin PBXNativeTarget section */
		6C667FE22C22F56500B7700A /* News */ = {
			isa = PBXNativeTarget;
			buildConfigurationList = 6C667FF12C22F57B00B7700A /* Build configuration list for PBXNativeTarget "News" */;
			buildPhases = (
				6C667FDF2C22F56500B7700A /* Sources */,
				6C667FE02C22F56500B7700A /* Frameworks */,
				6C667FE12C22F56500B7700A /* Resources */,
			);
			buildRules = (
			);
			dependencies = (
			);
			name = News;
			productName = News;
			productReference = 6C667FE32C22F56500B7700A /* News.app */;
			productType = "com.apple.product-type.application";
		};
/* End PBXNativeTarget section */

/* Begin PBXProject section */
		6C667FDB2C22F56500B7700A /* Project object */ = {
			isa = PBXProject;
			attributes = {
				BuildIndependentTargetsInParallel = 1;
				LastSwiftUpdateCheck = 1530;
				LastUpgradeCheck = 1530;
				TargetAttributes = {
					6C667FE22C22F56500B7700A = {
						CreatedOnToolsVersion = 15.3;
					};
				};
			};
			buildConfigurationList = 6C667FDE2C22F56500B7700A /* Build configuration list for PBXProject "News" */;
			compatibilityVersion = "Xcode 14.0";
			developmentRegion = en;
			hasScannedForEncodings = 0;
			knownRegions = (
				en,
				Base,
			);
			mainGroup = 6C667FDA2C22F56500B7700A;
			productRefGroup = 6C667FE42C22F56500B7700A /* Products */;
			projectDirPath = "";
			projectRoot = "";
			targets = (
				6C667FE22C22F56500B7700A /* News */,
			);
		};
/* End PBXProject section */

/* Begin PBXResourcesBuildPhase section */
		6C667FE12C22F56500B7700A /* Resources */ = {
			isa = PBXResourcesBuildPhase;
			buildActionMask = 2147483647;
			files = (
				6C66800F2C233C1700B7700A /* news.json in Resources */,
				6C667FEE2C22F57B00B7700A /* Preview Assets.xcassets in Resources */,
				6C667FEB2C22F57B00B7700A /* Assets.xcassets in Resources */,
			);
			runOnlyForDeploymentPostprocessing = 0;
		};
/* End PBXResourcesBuildPhase section */

/* Begin PBXSourcesBuildPhase section */
		6C667FDF2C22F56500B7700A /* Sources */ = {
			isa = PBXSourcesBuildPhase;
			buildActionMask = 2147483647;
			files = (
				6C6680032C230BD200B7700A /* Article.swift in Sources */,
				6C6680162C2457EA00B7700A /* SafariView.swift in Sources */,
				6C6680142C24530C00B7700A /* ArticleListView.swift in Sources */,
				6C66801D2C24825F00B7700A /* RetryView.swift in Sources */,
				6C6680122C244B9B00B7700A /* ArticleRowView.swift in Sources */,
				6C66800A2C23214F00B7700A /* MainArticlesViewModel.swift in Sources */,
				6C66800C2C2326BD00B7700A /* MainArticlesTabView.swift in Sources */,
				6C6680192C2462CE00B7700A /* View+ShareSheet.swift in Sources */,
				6C667FE92C22F56600B7700A /* ContentView.swift in Sources */,
				6C66801B2C24818800B7700A /* EmptyPlaceholderView.swift in Sources */,
				6C06AED42C25AD680090055A /* BookmarkedArticlesViewModel.swift in Sources */,
				6C667FE72C22F56600B7700A /* NewsApp.swift in Sources */,
				6C6680052C230BF500B7700A /* NewsAPIResponse.swift in Sources */,
				6C6680012C230A8900B7700A /* NewsAPI.swift in Sources */,
				6C6680072C230C1B00B7700A /* Category.swift in Sources */,
			);
			runOnlyForDeploymentPostprocessing = 0;
		};
/* End PBXSourcesBuildPhase section */

/* Begin XCBuildConfiguration section */
		6C667FEF2C22F57B00B7700A /* Debug */ = {
			isa = XCBuildConfiguration;
			buildSettings = {
				ALWAYS_SEARCH_USER_PATHS = NO;
				ASSETCATALOG_COMPILER_GENERATE_SWIFT_ASSET_SYMBOL_EXTENSIONS = YES;
				CLANG_ANALYZER_NONNULL = YES;
				CLANG_ANALYZER_NUMBER_OBJECT_CONVERSION = YES_AGGRESSIVE;
				CLANG_CXX_LANGUAGE_STANDARD = "gnu++20";
				CLANG_ENABLE_MODULES = YES;
				CLANG_ENABLE_OBJC_ARC = YES;
				CLANG_ENABLE_OBJC_WEAK = YES;
				CLANG_WARN_BLOCK_CAPTURE_AUTORELEASING = YES;
				CLANG_WARN_BOOL_CONVERSION = YES;
				CLANG_WARN_COMMA = YES;
				CLANG_WARN_CONSTANT_CONVERSION = YES;
				CLANG_WARN_DEPRECATED_OBJC_IMPLEMENTATIONS = YES;
				CLANG_WARN_DIRECT_OBJC_ISA_USAGE = YES_ERROR;
				CLANG_WARN_DOCUMENTATION_COMMENTS = YES;
				CLANG_WARN_EMPTY_BODY = YES;
				CLANG_WARN_ENUM_CONVERSION = YES;
				CLANG_WARN_INFINITE_RECURSION = YES;
				CLANG_WARN_INT_CONVERSION = YES;
				CLANG_WARN_NON_LITERAL_NULL_CONVERSION = YES;
				CLANG_WARN_OBJC_IMPLICIT_RETAIN_SELF = YES;
				CLANG_WARN_OBJC_LITERAL_CONVERSION = YES;
				CLANG_WARN_OBJC_ROOT_CLASS = YES_ERROR;
				CLANG_WARN_QUOTED_INCLUDE_IN_FRAMEWORK_HEADER = YES;
				CLANG_WARN_RANGE_LOOP_ANALYSIS = YES;
				CLANG_WARN_STRICT_PROTOTYPES = YES;
				CLANG_WARN_SUSPICIOUS_MOVE = YES;
				CLANG_WARN_UNGUARDED_AVAILABILITY = YES_AGGRESSIVE;
				CLANG_WARN_UNREACHABLE_CODE = YES;
				CLANG_WARN__DUPLICATE_METHOD_MATCH = YES;
				COPY_PHASE_STRIP = NO;
				DEBUG_INFORMATION_FORMAT = dwarf;
				ENABLE_STRICT_OBJC_MSGSEND = YES;
				ENABLE_TESTABILITY = YES;
				ENABLE_USER_SCRIPT_SANDBOXING = YES;
				GCC_C_LANGUAGE_STANDARD = gnu17;
				GCC_DYNAMIC_NO_PIC = NO;
				GCC_NO_COMMON_BLOCKS = YES;
				GCC_OPTIMIZATION_LEVEL = 0;
				GCC_PREPROCESSOR_DEFINITIONS = (
					"DEBUG=1",
					"$(inherited)",
				);
				GCC_WARN_64_TO_32_BIT_CONVERSION = YES;
				GCC_WARN_ABOUT_RETURN_TYPE = YES_ERROR;
				GCC_WARN_UNDECLARED_SELECTOR = YES;
				GCC_WARN_UNINITIALIZED_AUTOS = YES_AGGRESSIVE;
				GCC_WARN_UNUSED_FUNCTION = YES;
				GCC_WARN_UNUSED_VARIABLE = YES;
				IPHONEOS_DEPLOYMENT_TARGET = 17.0;
				LOCALIZATION_PREFERS_STRING_CATALOGS = YES;
				MTL_ENABLE_DEBUG_INFO = INCLUDE_SOURCE;
				MTL_FAST_MATH = YES;
				ONLY_ACTIVE_ARCH = YES;
				SDKROOT = iphoneos;
				SWIFT_ACTIVE_COMPILATION_CONDITIONS = "DEBUG $(inherited)";
				SWIFT_OPTIMIZATION_LEVEL = "-Onone";
			};
			name = Debug;
		};
		6C667FF02C22F57B00B7700A /* Release */ = {
			isa = XCBuildConfiguration;
			buildSettings = {
				ALWAYS_SEARCH_USER_PATHS = NO;
				ASSETCATALOG_COMPILER_GENERATE_SWIFT_ASSET_SYMBOL_EXTENSIONS = YES;
				CLANG_ANALYZER_NONNULL = YES;
				CLANG_ANALYZER_NUMBER_OBJECT_CONVERSION = YES_AGGRESSIVE;
				CLANG_CXX_LANGUAGE_STANDARD = "gnu++20";
				CLANG_ENABLE_MODULES = YES;
				CLANG_ENABLE_OBJC_ARC = YES;
				CLANG_ENABLE_OBJC_WEAK = YES;
				CLANG_WARN_BLOCK_CAPTURE_AUTORELEASING = YES;
				CLANG_WARN_BOOL_CONVERSION = YES;
				CLANG_WARN_COMMA = YES;
				CLANG_WARN_CONSTANT_CONVERSION = YES;
				CLANG_WARN_DEPRECATED_OBJC_IMPLEMENTATIONS = YES;
				CLANG_WARN_DIRECT_OBJC_ISA_USAGE = YES_ERROR;
				CLANG_WARN_DOCUMENTATION_COMMENTS = YES;
				CLANG_WARN_EMPTY_BODY = YES;
				CLANG_WARN_ENUM_CONVERSION = YES;
				CLANG_WARN_INFINITE_RECURSION = YES;
				CLANG_WARN_INT_CONVERSION = YES;
				CLANG_WARN_NON_LITERAL_NULL_CONVERSION = YES;
				CLANG_WARN_OBJC_IMPLICIT_RETAIN_SELF = YES;
				CLANG_WARN_OBJC_LITERAL_CONVERSION = YES;
				CLANG_WARN_OBJC_ROOT_CLASS = YES_ERROR;
				CLANG_WARN_QUOTED_INCLUDE_IN_FRAMEWORK_HEADER = YES;
				CLANG_WARN_RANGE_LOOP_ANALYSIS = YES;
				CLANG_WARN_STRICT_PROTOTYPES = YES;
				CLANG_WARN_SUSPICIOUS_MOVE = YES;
				CLANG_WARN_UNGUARDED_AVAILABILITY = YES_AGGRESSIVE;
				CLANG_WARN_UNREACHABLE_CODE = YES;
				CLANG_WARN__DUPLICATE_METHOD_MATCH = YES;
				COPY_PHASE_STRIP = NO;
				DEBUG_INFORMATION_FORMAT = "dwarf-with-dsym";
				ENABLE_NS_ASSERTIONS = NO;
				ENABLE_STRICT_OBJC_MSGSEND = YES;
				ENABLE_USER_SCRIPT_SANDBOXING = YES;
				GCC_C_LANGUAGE_STANDARD = gnu17;
				GCC_NO_COMMON_BLOCKS = YES;
				GCC_WARN_64_TO_32_BIT_CONVERSION = YES;
				GCC_WARN_ABOUT_RETURN_TYPE = YES_ERROR;
				GCC_WARN_UNDECLARED_SELECTOR = YES;
				GCC_WARN_UNINITIALIZED_AUTOS = YES_AGGRESSIVE;
				GCC_WARN_UNUSED_FUNCTION = YES;
				GCC_WARN_UNUSED_VARIABLE = YES;
				IPHONEOS_DEPLOYMENT_TARGET = 17.0;
				LOCALIZATION_PREFERS_STRING_CATALOGS = YES;
				MTL_ENABLE_DEBUG_INFO = NO;
				MTL_FAST_MATH = YES;
				SDKROOT = iphoneos;
				SWIFT_COMPILATION_MODE = wholemodule;
				VALIDATE_PRODUCT = YES;
			};
			name = Release;
		};
		6C667FF22C22F57B00B7700A /* Debug */ = {
			isa = XCBuildConfiguration;
			buildSettings = {
				ASSETCATALOG_COMPILER_APPICON_NAME = AppIcon;
				ASSETCATALOG_COMPILER_GLOBAL_ACCENT_COLOR_NAME = AccentColor;
				CODE_SIGN_STYLE = Automatic;
				CURRENT_PROJECT_VERSION = 1;
				DEVELOPMENT_ASSET_PATHS = "\"News/Preview Content\"";
				DEVELOPMENT_TEAM = 5G9A582T98;
				ENABLE_PREVIEWS = YES;
				GENERATE_INFOPLIST_FILE = YES;
				INFOPLIST_FILE = News/Resources/Info.plist;
				INFOPLIST_KEY_UIApplicationSceneManifest_Generation = YES;
				INFOPLIST_KEY_UIApplicationSupportsIndirectInputEvents = YES;
				INFOPLIST_KEY_UILaunchScreen_Generation = YES;
				INFOPLIST_KEY_UISupportedInterfaceOrientations_iPad = "UIInterfaceOrientationPortrait UIInterfaceOrientationPortraitUpsideDown UIInterfaceOrientationLandscapeLeft UIInterfaceOrientationLandscapeRight";
				INFOPLIST_KEY_UISupportedInterfaceOrientations_iPhone = "UIInterfaceOrientationPortrait UIInterfaceOrientationLandscapeLeft UIInterfaceOrientationLandscapeRight";
				IPHONEOS_DEPLOYMENT_TARGET = 17.0;
				LD_RUNPATH_SEARCH_PATHS = (
					"$(inherited)",
					"@executable_path/Frameworks",
				);
				MARKETING_VERSION = 1.0;
				PRODUCT_BUNDLE_IDENTIFIER = "iOSCourse-CHISW.News";
				PRODUCT_NAME = "$(TARGET_NAME)";
				SWIFT_EMIT_LOC_STRINGS = YES;
				SWIFT_VERSION = 5.0;
				TARGETED_DEVICE_FAMILY = "1,2";
			};
			name = Debug;
		};
		6C667FF32C22F57B00B7700A /* Release */ = {
			isa = XCBuildConfiguration;
			buildSettings = {
				ASSETCATALOG_COMPILER_APPICON_NAME = AppIcon;
				ASSETCATALOG_COMPILER_GLOBAL_ACCENT_COLOR_NAME = AccentColor;
				CODE_SIGN_STYLE = Automatic;
				CURRENT_PROJECT_VERSION = 1;
				DEVELOPMENT_ASSET_PATHS = "\"News/Preview Content\"";
				DEVELOPMENT_TEAM = 5G9A582T98;
				ENABLE_PREVIEWS = YES;
				GENERATE_INFOPLIST_FILE = YES;
				INFOPLIST_FILE = News/Resources/Info.plist;
				INFOPLIST_KEY_UIApplicationSceneManifest_Generation = YES;
				INFOPLIST_KEY_UIApplicationSupportsIndirectInputEvents = YES;
				INFOPLIST_KEY_UILaunchScreen_Generation = YES;
				INFOPLIST_KEY_UISupportedInterfaceOrientations_iPad = "UIInterfaceOrientationPortrait UIInterfaceOrientationPortraitUpsideDown UIInterfaceOrientationLandscapeLeft UIInterfaceOrientationLandscapeRight";
				INFOPLIST_KEY_UISupportedInterfaceOrientations_iPhone = "UIInterfaceOrientationPortrait UIInterfaceOrientationLandscapeLeft UIInterfaceOrientationLandscapeRight";
				IPHONEOS_DEPLOYMENT_TARGET = 17.0;
				LD_RUNPATH_SEARCH_PATHS = (
					"$(inherited)",
					"@executable_path/Frameworks",
				);
				MARKETING_VERSION = 1.0;
				PRODUCT_BUNDLE_IDENTIFIER = "iOSCourse-CHISW.News";
				PRODUCT_NAME = "$(TARGET_NAME)";
				SWIFT_EMIT_LOC_STRINGS = YES;
				SWIFT_VERSION = 5.0;
				TARGETED_DEVICE_FAMILY = "1,2";
			};
			name = Release;
		};
/* End XCBuildConfiguration section */

/* Begin XCConfigurationList section */
		6C667FDE2C22F56500B7700A /* Build configuration list for PBXProject "News" */ = {
			isa = XCConfigurationList;
			buildConfigurations = (
				6C667FEF2C22F57B00B7700A /* Debug */,
				6C667FF02C22F57B00B7700A /* Release */,
			);
			defaultConfigurationIsVisible = 0;
			defaultConfigurationName = Release;
		};
		6C667FF12C22F57B00B7700A /* Build configuration list for PBXNativeTarget "News" */ = {
			isa = XCConfigurationList;
			buildConfigurations = (
				6C667FF22C22F57B00B7700A /* Debug */,
				6C667FF32C22F57B00B7700A /* Release */,
			);
			defaultConfigurationIsVisible = 0;
			defaultConfigurationName = Release;
		};
/* End XCConfigurationList section */
	};
	rootObject = 6C667FDB2C22F56500B7700A /* Project object */;
}
